
Microsoft Visual Studio Solution File, Format Version 12.00
# Visual Studio Version 16
VisualStudioVersion = 16.0.30717.126
MinimumVisualStudioVersion = 10.0.40219.1
Project("{FAE04EC0-301F-11D3-BF4B-00C04F79EFBC}") = "Singleton", "DesignPatterns\Singleton.csproj", "{B2551770-A2FB-4FF1-875B-0606AE446DD3}"
EndProject
Project("{FAE04EC0-301F-11D3-BF4B-00C04F79EFBC}") = "DependencyInjection", "DependencyInjection\DependencyInjection.csproj", "{5F8B6514-7E81-4EE5-8614-8B24507B89A5}"
EndProject
Project("{FAE04EC0-301F-11D3-BF4B-00C04F79EFBC}") = "ModelViewViewModel", "ModelViewViewModel\ModelViewViewModel.csproj", "{8BFEAF4A-43D6-4144-941B-80B6316F5A50}"
EndProject
Project("{FAE04EC0-301F-11D3-BF4B-00C04F79EFBC}") = "UnitTestModelViewViewModel", "UnitTestModelViewViewModel\UnitTestModelViewViewModel.csproj", "{4291706E-28BD-4E7A-B4A4-2F322B8EDC8A}"
EndProject
Project("{FAE04EC0-301F-11D3-BF4B-00C04F79EFBC}") = "SqliteApp.Android", "SqliteApp\SqliteApp.Android\SqliteApp.Android.csproj", "{B3014403-CF0F-408C-AA37-F16904BC7F7A}"
EndProject
Project("{FAE04EC0-301F-11D3-BF4B-00C04F79EFBC}") = "SqliteApp.iOS", "SqliteApp\SqliteApp.iOS\SqliteApp.iOS.csproj", "{44188215-DFE9-461C-AB84-D4A9AEF0DCFD}"
EndProject
Project("{9A19103F-16F7-4668-BE54-9A1E7A4F7556}") = "SqliteApp", "SqliteApp\SqliteApp\SqliteApp.csproj", "{0C7C3F8E-DE2A-41B7-82F5-370B44884C68}"
EndProject
Project("{9A19103F-16F7-4668-BE54-9A1E7A4F7556}") = "SqliteAppUnitTest", "SqliteAppUnitTest\SqliteAppUnitTest.csproj", "{46B29D23-70A7-4940-84AB-710D877F9D7F}"
EndProject
Project("{9A19103F-16F7-4668-BE54-9A1E7A4F7556}") = "SqliteAppNUnitTestProject", "SqliteAppNUnitTestProject\SqliteAppNUnitTestProject.csproj", "{2A38F07C-1B5D-4B8B-AAAF-74916DE4C041}"
EndProject
Project("{9A19103F-16F7-4668-BE54-9A1E7A4F7556}") = "SqliteAppXUnitTestProject", "SqliteAppXUnitTestProject\SqliteAppXUnitTestProject.csproj", "{CB5A6AE4-160A-47B0-945B-19C235A16F87}"
EndProject
Project("{FAE04EC0-301F-11D3-BF4B-00C04F79EFBC}") = "ClassLibraryAsyncToSync", "ClassLibraryAsyncToSync\ClassLibraryAsyncToSync.csproj", "{010386BC-4158-4FCF-B257-F3689854B23A}"
EndProject
Global
	GlobalSection(SolutionConfigurationPlatforms) = preSolution
		Debug|Any CPU = Debug|Any CPU
		Debug|iPhone = Debug|iPhone
		Debug|iPhoneSimulator = Debug|iPhoneSimulator
		Release|Any CPU = Release|Any CPU
		Release|iPhone = Release|iPhone
		Release|iPhoneSimulator = Release|iPhoneSimulator
	EndGlobalSection
	GlobalSection(ProjectConfigurationPlatforms) = postSolution
		{B2551770-A2FB-4FF1-875B-0606AE446DD3}.Debug|Any CPU.ActiveCfg = Debug|Any CPU
		{B2551770-A2FB-4FF1-875B-0606AE446DD3}.Debug|Any CPU.Build.0 = Debug|Any CPU
		{B2551770-A2FB-4FF1-875B-0606AE446DD3}.Debug|iPhone.ActiveCfg = Debug|Any CPU
		{B2551770-A2FB-4FF1-875B-0606AE446DD3}.Debug|iPhone.Build.0 = Debug|Any CPU
		{B2551770-A2FB-4FF1-875B-0606AE446DD3}.Debug|iPhoneSimulator.ActiveCfg = Debug|Any CPU
		{B2551770-A2FB-4FF1-875B-0606AE446DD3}.Debug|iPhoneSimulator.Build.0 = Debug|Any CPU
		{B2551770-A2FB-4FF1-875B-0606AE446DD3}.Release|Any CPU.ActiveCfg = Release|Any CPU
		{B2551770-A2FB-4FF1-875B-0606AE446DD3}.Release|Any CPU.Build.0 = Release|Any CPU
		{B2551770-A2FB-4FF1-875B-0606AE446DD3}.Release|iPhone.ActiveCfg = Release|Any CPU
		{B2551770-A2FB-4FF1-875B-0606AE446DD3}.Release|iPhone.Build.0 = Release|Any CPU
		{B2551770-A2FB-4FF1-875B-0606AE446DD3}.Release|iPhoneSimulator.ActiveCfg = Release|Any CPU
		{B2551770-A2FB-4FF1-875B-0606AE446DD3}.Release|iPhoneSimulator.Build.0 = Release|Any CPU
		{5F8B6514-7E81-4EE5-8614-8B24507B89A5}.Debug|Any CPU.ActiveCfg = Debug|Any CPU
		{5F8B6514-7E81-4EE5-8614-8B24507B89A5}.Debug|Any CPU.Build.0 = Debug|Any CPU
		{5F8B6514-7E81-4EE5-8614-8B24507B89A5}.Debug|iPhone.ActiveCfg = Debug|Any CPU
		{5F8B6514-7E81-4EE5-8614-8B24507B89A5}.Debug|iPhone.Build.0 = Debug|Any CPU
		{5F8B6514-7E81-4EE5-8614-8B24507B89A5}.Debug|iPhoneSimulator.ActiveCfg = Debug|Any CPU
		{5F8B6514-7E81-4EE5-8614-8B24507B89A5}.Debug|iPhoneSimulator.Build.0 = Debug|Any CPU
		{5F8B6514-7E81-4EE5-8614-8B24507B89A5}.Release|Any CPU.ActiveCfg = Release|Any CPU
		{5F8B6514-7E81-4EE5-8614-8B24507B89A5}.Release|Any CPU.Build.0 = Release|Any CPU
		{5F8B6514-7E81-4EE5-8614-8B24507B89A5}.Release|iPhone.ActiveCfg = Release|Any CPU
		{5F8B6514-7E81-4EE5-8614-8B24507B89A5}.Release|iPhone.Build.0 = Release|Any CPU
		{5F8B6514-7E81-4EE5-8614-8B24507B89A5}.Release|iPhoneSimulator.ActiveCfg = Release|Any CPU
		{5F8B6514-7E81-4EE5-8614-8B24507B89A5}.Release|iPhoneSimulator.Build.0 = Release|Any CPU
		{8BFEAF4A-43D6-4144-941B-80B6316F5A50}.Debug|Any CPU.ActiveCfg = Debug|Any CPU
		{8BFEAF4A-43D6-4144-941B-80B6316F5A50}.Debug|Any CPU.Build.0 = Debug|Any CPU
		{8BFEAF4A-43D6-4144-941B-80B6316F5A50}.Debug|iPhone.ActiveCfg = Debug|Any CPU
		{8BFEAF4A-43D6-4144-941B-80B6316F5A50}.Debug|iPhone.Build.0 = Debug|Any CPU
		{8BFEAF4A-43D6-4144-941B-80B6316F5A50}.Debug|iPhoneSimulator.ActiveCfg = Debug|Any CPU
		{8BFEAF4A-43D6-4144-941B-80B6316F5A50}.Debug|iPhoneSimulator.Build.0 = Debug|Any CPU
		{8BFEAF4A-43D6-4144-941B-80B6316F5A50}.Release|Any CPU.ActiveCfg = Release|Any CPU
		{8BFEAF4A-43D6-4144-941B-80B6316F5A50}.Release|Any CPU.Build.0 = Release|Any CPU
		{8BFEAF4A-43D6-4144-941B-80B6316F5A50}.Release|iPhone.ActiveCfg = Release|Any CPU
		{8BFEAF4A-43D6-4144-941B-80B6316F5A50}.Release|iPhone.Build.0 = Release|Any CPU
		{8BFEAF4A-43D6-4144-941B-80B6316F5A50}.Release|iPhoneSimulator.ActiveCfg = Release|Any CPU
		{8BFEAF4A-43D6-4144-941B-80B6316F5A50}.Release|iPhoneSimulator.Build.0 = Release|Any CPU
		{4291706E-28BD-4E7A-B4A4-2F322B8EDC8A}.Debug|Any CPU.ActiveCfg = Debug|Any CPU
		{4291706E-28BD-4E7A-B4A4-2F322B8EDC8A}.Debug|Any CPU.Build.0 = Debug|Any CPU
		{4291706E-28BD-4E7A-B4A4-2F322B8EDC8A}.Debug|iPhone.ActiveCfg = Debug|Any CPU
		{4291706E-28BD-4E7A-B4A4-2F322B8EDC8A}.Debug|iPhone.Build.0 = Debug|Any CPU
		{4291706E-28BD-4E7A-B4A4-2F322B8EDC8A}.Debug|iPhoneSimulator.ActiveCfg = Debug|Any CPU
		{4291706E-28BD-4E7A-B4A4-2F322B8EDC8A}.Debug|iPhoneSimulator.Build.0 = Debug|Any CPU
		{4291706E-28BD-4E7A-B4A4-2F322B8EDC8A}.Release|Any CPU.ActiveCfg = Release|Any CPU
		{4291706E-28BD-4E7A-B4A4-2F322B8EDC8A}.Release|Any CPU.Build.0 = Release|Any CPU
		{4291706E-28BD-4E7A-B4A4-2F322B8EDC8A}.Release|iPhone.ActiveCfg = Release|Any CPU
		{4291706E-28BD-4E7A-B4A4-2F322B8EDC8A}.Release|iPhone.Build.0 = Release|Any CPU
		{4291706E-28BD-4E7A-B4A4-2F322B8EDC8A}.Release|iPhoneSimulator.ActiveCfg = Release|Any CPU
		{4291706E-28BD-4E7A-B4A4-2F322B8EDC8A}.Release|iPhoneSimulator.Build.0 = Release|Any CPU
		{B3014403-CF0F-408C-AA37-F16904BC7F7A}.Debug|Any CPU.ActiveCfg = Debug|Any CPU
		{B3014403-CF0F-408C-AA37-F16904BC7F7A}.Debug|Any CPU.Build.0 = Debug|Any CPU
		{B3014403-CF0F-408C-AA37-F16904BC7F7A}.Debug|Any CPU.Deploy.0 = Debug|Any CPU
		{B3014403-CF0F-408C-AA37-F16904BC7F7A}.Debug|iPhone.ActiveCfg = Debug|Any CPU
		{B3014403-CF0F-408C-AA37-F16904BC7F7A}.Debug|iPhone.Build.0 = Debug|Any CPU
		{B3014403-CF0F-408C-AA37-F16904BC7F7A}.Debug|iPhone.Deploy.0 = Debug|Any CPU
		{B3014403-CF0F-408C-AA37-F16904BC7F7A}.Debug|iPhoneSimulator.ActiveCfg = Debug|Any CPU
		{B3014403-CF0F-408C-AA37-F16904BC7F7A}.Debug|iPhoneSimulator.Build.0 = Debug|Any CPU
		{B3014403-CF0F-408C-AA37-F16904BC7F7A}.Debug|iPhoneSimulator.Deploy.0 = Debug|Any CPU
		{B3014403-CF0F-408C-AA37-F16904BC7F7A}.Release|Any CPU.ActiveCfg = Release|Any CPU
		{B3014403-CF0F-408C-AA37-F16904BC7F7A}.Release|Any CPU.Build.0 = Release|Any CPU
		{B3014403-CF0F-408C-AA37-F16904BC7F7A}.Release|Any CPU.Deploy.0 = Release|Any CPU
		{B3014403-CF0F-408C-AA37-F16904BC7F7A}.Release|iPhone.ActiveCfg = Release|Any CPU
		{B3014403-CF0F-408C-AA37-F16904BC7F7A}.Release|iPhone.Build.0 = Release|Any CPU
		{B3014403-CF0F-408C-AA37-F16904BC7F7A}.Release|iPhone.Deploy.0 = Release|Any CPU
		{B3014403-CF0F-408C-AA37-F16904BC7F7A}.Release|iPhoneSimulator.ActiveCfg = Release|Any CPU
		{B3014403-CF0F-408C-AA37-F16904BC7F7A}.Release|iPhoneSimulator.Build.0 = Release|Any CPU
		{B3014403-CF0F-408C-AA37-F16904BC7F7A}.Release|iPhoneSimulator.Deploy.0 = Release|Any CPU
		{44188215-DFE9-461C-AB84-D4A9AEF0DCFD}.Debug|Any CPU.ActiveCfg = Debug|iPhoneSimulator
		{44188215-DFE9-461C-AB84-D4A9AEF0DCFD}.Debug|iPhone.ActiveCfg = Debug|iPhone
		{44188215-DFE9-461C-AB84-D4A9AEF0DCFD}.Debug|iPhone.Build.0 = Debug|iPhone
		{44188215-DFE9-461C-AB84-D4A9AEF0DCFD}.Debug|iPhoneSimulator.ActiveCfg = Debug|iPhoneSimulator
		{44188215-DFE9-461C-AB84-D4A9AEF0DCFD}.Debug|iPhoneSimulator.Build.0 = Debug|iPhoneSimulator
		{44188215-DFE9-461C-AB84-D4A9AEF0DCFD}.Release|Any CPU.ActiveCfg = Release|iPhoneSimulator
		{44188215-DFE9-461C-AB84-D4A9AEF0DCFD}.Release|iPhone.ActiveCfg = Release|iPhone
		{44188215-DFE9-461C-AB84-D4A9AEF0DCFD}.Release|iPhone.Build.0 = Release|iPhone
		{44188215-DFE9-461C-AB84-D4A9AEF0DCFD}.Release|iPhoneSimulator.ActiveCfg = Release|iPhoneSimulator
		{44188215-DFE9-461C-AB84-D4A9AEF0DCFD}.Release|iPhoneSimulator.Build.0 = Release|iPhoneSimulator
		{0C7C3F8E-DE2A-41B7-82F5-370B44884C68}.Debug|Any CPU.ActiveCfg = Debug|Any CPU
		{0C7C3F8E-DE2A-41B7-82F5-370B44884C68}.Debug|Any CPU.Build.0 = Debug|Any CPU
		{0C7C3F8E-DE2A-41B7-82F5-370B44884C68}.Debug|iPhone.ActiveCfg = Debug|Any CPU
		{0C7C3F8E-DE2A-41B7-82F5-370B44884C68}.Debug|iPhone.Build.0 = Debug|Any CPU
		{0C7C3F8E-DE2A-41B7-82F5-370B44884C68}.Debug|iPhoneSimulator.ActiveCfg = Debug|Any CPU
		{0C7C3F8E-DE2A-41B7-82F5-370B44884C68}.Debug|iPhoneSimulator.Build.0 = Debug|Any CPU
		{0C7C3F8E-DE2A-41B7-82F5-370B44884C68}.Release|Any CPU.ActiveCfg = Release|Any CPU
		{0C7C3F8E-DE2A-41B7-82F5-370B44884C68}.Release|Any CPU.Build.0 = Release|Any CPU
		{0C7C3F8E-DE2A-41B7-82F5-370B44884C68}.Release|iPhone.ActiveCfg = Release|Any CPU
		{0C7C3F8E-DE2A-41B7-82F5-370B44884C68}.Release|iPhone.Build.0 = Release|Any CPU
		{0C7C3F8E-DE2A-41B7-82F5-370B44884C68}.Release|iPhoneSimulator.ActiveCfg = Release|Any CPU
		{0C7C3F8E-DE2A-41B7-82F5-370B44884C68}.Release|iPhoneSimulator.Build.0 = Release|Any CPU
		{46B29D23-70A7-4940-84AB-710D877F9D7F}.Debug|Any CPU.ActiveCfg = Debug|Any CPU
		{46B29D23-70A7-4940-84AB-710D877F9D7F}.Debug|Any CPU.Build.0 = Debug|Any CPU
		{46B29D23-70A7-4940-84AB-710D877F9D7F}.Debug|iPhone.ActiveCfg = Debug|Any CPU
		{46B29D23-70A7-4940-84AB-710D877F9D7F}.Debug|iPhone.Build.0 = Debug|Any CPU
		{46B29D23-70A7-4940-84AB-710D877F9D7F}.Debug|iPhoneSimulator.ActiveCfg = Debug|Any CPU
		{46B29D23-70A7-4940-84AB-710D877F9D7F}.Debug|iPhoneSimulator.Build.0 = Debug|Any CPU
		{46B29D23-70A7-4940-84AB-710D877F9D7F}.Release|Any CPU.ActiveCfg = Release|Any CPU
		{46B29D23-70A7-4940-84AB-710D877F9D7F}.Release|Any CPU.Build.0 = Release|Any CPU
		{46B29D23-70A7-4940-84AB-710D877F9D7F}.Release|iPhone.ActiveCfg = Release|Any CPU
		{46B29D23-70A7-4940-84AB-710D877F9D7F}.Release|iPhone.Build.0 = Release|Any CPU
		{46B29D23-70A7-4940-84AB-710D877F9D7F}.Release|iPhoneSimulator.ActiveCfg = Release|Any CPU
		{46B29D23-70A7-4940-84AB-710D877F9D7F}.Release|iPhoneSimulator.Build.0 = Release|Any CPU
		{2A38F07C-1B5D-4B8B-AAAF-74916DE4C041}.Debug|Any CPU.ActiveCfg = Debug|Any CPU
		{2A38F07C-1B5D-4B8B-AAAF-74916DE4C041}.Debug|Any CPU.Build.0 = Debug|Any CPU
		{2A38F07C-1B5D-4B8B-AAAF-74916DE4C041}.Debug|iPhone.ActiveCfg = Debug|Any CPU
		{2A38F07C-1B5D-4B8B-AAAF-74916DE4C041}.Debug|iPhone.Build.0 = Debug|Any CPU
		{2A38F07C-1B5D-4B8B-AAAF-74916DE4C041}.Debug|iPhoneSimulator.ActiveCfg = Debug|Any CPU
		{2A38F07C-1B5D-4B8B-AAAF-74916DE4C041}.Debug|iPhoneSimulator.Build.0 = Debug|Any CPU
		{2A38F07C-1B5D-4B8B-AAAF-74916DE4C041}.Release|Any CPU.ActiveCfg = Release|Any CPU
		{2A38F07C-1B5D-4B8B-AAAF-74916DE4C041}.Release|Any CPU.Build.0 = Release|Any CPU
		{2A38F07C-1B5D-4B8B-AAAF-74916DE4C041}.Release|iPhone.ActiveCfg = Release|Any CPU
		{2A38F07C-1B5D-4B8B-AAAF-74916DE4C041}.Release|iPhone.Build.0 = Release|Any CPU
		{2A38F07C-1B5D-4B8B-AAAF-74916DE4C041}.Release|iPhoneSimulator.ActiveCfg = Release|Any CPU
		{2A38F07C-1B5D-4B8B-AAAF-74916DE4C041}.Release|iPhoneSimulator.Build.0 = Release|Any CPU
		{CB5A6AE4-160A-47B0-945B-19C235A16F87}.Debug|Any CPU.ActiveCfg = Debug|Any CPU
		{CB5A6AE4-160A-47B0-945B-19C235A16F87}.Debug|Any CPU.Build.0 = Debug|Any CPU
		{CB5A6AE4-160A-47B0-945B-19C235A16F87}.Debug|iPhone.ActiveCfg = Debug|Any CPU
		{CB5A6AE4-160A-47B0-945B-19C235A16F87}.Debug|iPhone.Build.0 = Debug|Any CPU
		{CB5A6AE4-160A-47B0-945B-19C235A16F87}.Debug|iPhoneSimulator.ActiveCfg = Debug|Any CPU
		{CB5A6AE4-160A-47B0-945B-19C235A16F87}.Debug|iPhoneSimulator.Build.0 = Debug|Any CPU
		{CB5A6AE4-160A-47B0-945B-19C235A16F87}.Release|Any CPU.ActiveCfg = Release|Any CPU
		{CB5A6AE4-160A-47B0-945B-19C235A16F87}.Release|Any CPU.Build.0 = Release|Any CPU
		{CB5A6AE4-160A-47B0-945B-19C235A16F87}.Release|iPhone.ActiveCfg = Release|Any CPU
		{CB5A6AE4-160A-47B0-945B-19C235A16F87}.Release|iPhone.Build.0 = Release|Any CPU
		{CB5A6AE4-160A-47B0-945B-19C235A16F87}.Release|iPhoneSimulator.ActiveCfg = Release|Any CPU
		{CB5A6AE4-160A-47B0-945B-19C235A16F87}.Release|iPhoneSimulator.Build.0 = Release|Any CPU
		{010386BC-4158-4FCF-B257-F3689854B23A}.Debug|Any CPU.ActiveCfg = Debug|Any CPU
		{010386BC-4158-4FCF-B257-F3689854B23A}.Debug|Any CPU.Build.0 = Debug|Any CPU
		{010386BC-4158-4FCF-B257-F3689854B23A}.Debug|iPhone.ActiveCfg = Debug|Any CPU
		{010386BC-4158-4FCF-B257-F3689854B23A}.Debug|iPhone.Build.0 = Debug|Any CPU
		{010386BC-4158-4FCF-B257-F3689854B23A}.Debug|iPhoneSimulator.ActiveCfg = Debug|Any CPU
		{010386BC-4158-4FCF-B257-F3689854B23A}.Debug|iPhoneSimulator.Build.0 = Debug|Any CPU
		{010386BC-4158-4FCF-B257-F3689854B23A}.Release|Any CPU.ActiveCfg = Release|Any CPU
		{010386BC-4158-4FCF-B257-F3689854B23A}.Release|Any CPU.Build.0 = Release|Any CPU
		{010386BC-4158-4FCF-B257-F3689854B23A}.Release|iPhone.ActiveCfg = Release|Any CPU
		{010386BC-4158-4FCF-B257-F3689854B23A}.Release|iPhone.Build.0 = Release|Any CPU
		{010386BC-4158-4FCF-B257-F3689854B23A}.Release|iPhoneSimulator.ActiveCfg = Release|Any CPU
		{010386BC-4158-4FCF-B257-F3689854B23A}.Release|iPhoneSimulator.Build.0 = Release|Any CPU
	EndGlobalSection
	GlobalSection(SolutionProperties) = preSolution
		HideSolutionNode = FALSE
	EndGlobalSection
	GlobalSection(ExtensibilityGlobals) = postSolution
		SolutionGuid = {2969E2AA-337B-43EE-95E0-F5F91D645BED}
	EndGlobalSection
EndGlobal
